
Microsoft Visual Studio Solution File, Format Version 12.00
# Visual Studio 15
Project("{FAE04EC0-301F-11D3-BF4B-00C04F79EFBC}") = "Assembly-CSharp", "Assembly-CSharp.csproj", "{3F2A9648-3819-35C2-1D5B-9ADC4A7D6479}"
EndProject
Project("{2150E333-8FDC-42A3-9474-1A3956D46DE8}") = "Solution Items", "Solution Items", "{42957CD2-30E6-4522-8F6B-1DDA377107C3}"
	ProjectSection(SolutionItems) = preProject
		.editorconfig = .editorconfig
	EndProjectSection
EndProject
Global
	GlobalSection(SolutionConfigurationPlatforms) = preSolution
		Debug|Any CPU = Debug|Any CPU
		Release|Any CPU = Release|Any CPU
	EndGlobalSection
	GlobalSection(ProjectConfigurationPlatforms) = postSolution
		{3F2A9648-3819-35C2-1D5B-9ADC4A7D6479}.Debug|Any CPU.ActiveCfg = Debug|Any CPU
		{3F2A9648-3819-35C2-1D5B-9ADC4A7D6479}.Debug|Any CPU.Build.0 = Debug|Any CPU
		{3F2A9648-3819-35C2-1D5B-9ADC4A7D6479}.Release|Any CPU.ActiveCfg = Release|Any CPU
		{3F2A9648-3819-35C2-1D5B-9ADC4A7D6479}.Release|Any CPU.Build.0 = Release|Any CPU
	EndGlobalSection
	GlobalSection(SolutionProperties) = preSolution
		HideSolutionNode = FALSE
	EndGlobalSection
EndGlobal
